// !$*UTF8*$!
{
	archiveVersion = 1;
	classes = {
	};
	objectVersion = 60;
	objects = {

/* Begin PBXBuildFile section */
		ABCDEF0123456789ABCD0002 /* V0idChainWalletApp.swift in Sources */ = {isa = PBXBuildFile; fileRef = ABCDEF0123456789ABCD0001 /* V0idChainWalletApp.swift */; };
		ABCDEF0123456789ABCD0004 /* AppModel.swift in Sources */ = {isa = PBXBuildFile; fileRef = ABCDEF0123456789ABCD0003 /* AppModel.swift */; };
		ABCDEF0123456789ABCD0006 /* UIHelpers.swift in Sources */ = {isa = PBXBuildFile; fileRef = ABCDEF0123456789ABCD0005 /* UIHelpers.swift */; };
		ABCDEF0123456789ABCD0008 /* RootView.swift in Sources */ = {isa = PBXBuildFile; fileRef = ABCDEF0123456789ABCD0007 /* RootView.swift */; };
		ABCDEF0123456789ABCD000A /* OnboardingView.swift in Sources */ = {isa = PBXBuildFile; fileRef = ABCDEF0123456789ABCD0009 /* OnboardingView.swift */; };
		ABCDEF0123456789ABCD000C /* WalletView.swift in Sources */ = {isa = PBXBuildFile; fileRef = ABCDEF0123456789ABCD000B /* WalletView.swift */; };
		ABCDEF0123456789ABCD000E /* SendView.swift in Sources */ = {isa = PBXBuildFile; fileRef = ABCDEF0123456789ABCD000D /* SendView.swift */; };
		ABCDEF0123456789ABCD0010 /* MessagesView.swift in Sources */ = {isa = PBXBuildFile; fileRef = ABCDEF0123456789ABCD000F /* MessagesView.swift */; };
		ABCDEF0123456789ABCD0012 /* ExploreView.swift in Sources */ = {isa = PBXBuildFile; fileRef = ABCDEF0123456789ABCD0011 /* ExploreView.swift */; };
		ABCDEF0123456789ABCDA001 /* MarketplaceView.swift in Sources */ = {isa = PBXBuildFile; fileRef = ABCDEF0123456789ABCDA002 /* MarketplaceView.swift */; };
		ABCDEF0123456789ABCDA003 /* RedPacketsView.swift in Sources */ = {isa = PBXBuildFile; fileRef = ABCDEF0123456789ABCDA004 /* RedPacketsView.swift */; };
		ABCDEF0123456789ABCD0014 /* SettingsView.swift in Sources */ = {isa = PBXBuildFile; fileRef = ABCDEF0123456789ABCD0013 /* SettingsView.swift */; };
		ABCDEF0123456789ABCD0016 /* Assets.xcassets in Resources */ = {isa = PBXBuildFile; fileRef = ABCDEF0123456789ABCD0015 /* Assets.xcassets */; };
		ABCDEF0123456789ABCD0019 /* V0idKit in Frameworks */ = {isa = PBXBuildFile; productRef = ABCDEF0123456789ABCD002F /* V0idKit */; };
/* End PBXBuildFile section */

/* Begin PBXFileReference section */
		ABCDEF0123456789ABCD0001 /* V0idChainWalletApp.swift */ = {isa = PBXFileReference; lastKnownFileType = sourcecode.swift; path = V0idChainWalletApp.swift; sourceTree = "<group>"; };
		ABCDEF0123456789ABCD0003 /* AppModel.swift */ = {isa = PBXFileReference; lastKnownFileType = sourcecode.swift; path = AppModel.swift; sourceTree = "<group>"; };
		ABCDEF0123456789ABCD0005 /* UIHelpers.swift */ = {isa = PBXFileReference; lastKnownFileType = sourcecode.swift; path = UIHelpers.swift; sourceTree = "<group>"; };
		ABCDEF0123456789ABCD0007 /* RootView.swift */ = {isa = PBXFileReference; lastKnownFileType = sourcecode.swift; path = RootView.swift; sourceTree = "<group>"; };
		ABCDEF0123456789ABCD0009 /* OnboardingView.swift */ = {isa = PBXFileReference; lastKnownFileType = sourcecode.swift; path = OnboardingView.swift; sourceTree = "<group>"; };
		ABCDEF0123456789ABCD000B /* WalletView.swift */ = {isa = PBXFileReference; lastKnownFileType = sourcecode.swift; path = WalletView.swift; sourceTree = "<group>"; };
		ABCDEF0123456789ABCD000D /* SendView.swift */ = {isa = PBXFileReference; lastKnownFileType = sourcecode.swift; path = SendView.swift; sourceTree = "<group>"; };
		ABCDEF0123456789ABCD000F /* MessagesView.swift */ = {isa = PBXFileReference; lastKnownFileType = sourcecode.swift; path = MessagesView.swift; sourceTree = "<group>"; };
		ABCDEF0123456789ABCD0011 /* ExploreView.swift */ = {isa = PBXFileReference; lastKnownFileType = sourcecode.swift; path = ExploreView.swift; sourceTree = "<group>"; };
		ABCDEF0123456789ABCDA002 /* MarketplaceView.swift */ = {isa = PBXFileReference; lastKnownFileType = sourcecode.swift; path = MarketplaceView.swift; sourceTree = "<group>"; };
		ABCDEF0123456789ABCDA004 /* RedPacketsView.swift */ = {isa = PBXFileReference; lastKnownFileType = sourcecode.swift; path = RedPacketsView.swift; sourceTree = "<group>"; };
		ABCDEF0123456789ABCD0013 /* SettingsView.swift */ = {isa = PBXFileReference; lastKnownFileType = sourcecode.swift; path = SettingsView.swift; sourceTree = "<group>"; };
		ABCDEF0123456789ABCD0015 /* Assets.xcassets */ = {isa = PBXFileReference; lastKnownFileType = folder.assetcatalog; path = Assets.xcassets; sourceTree = "<group>"; };
		ABCDEF0123456789ABCD0017 /* Info.plist */ = {isa = PBXFileReference; lastKnownFileType = text.plist.xml; path = Info.plist; sourceTree = "<group>"; };
		ABCDEF0123456789ABCD0018 /* V0idChainWallet.app */ = {isa = PBXFileReference; explicitFileType = wrapper.application; includeInIndex = 0; path = V0idChainWallet.app; sourceTree = BUILT_PRODUCTS_DIR; };
/* End PBXFileReference section */

/* Begin PBXFrameworksBuildPhase section */
		ABCDEF0123456789ABCD0024 /* Frameworks */ = {
			isa = PBXFrameworksBuildPhase;
			buildActionMask = 2147483647;
			files = (
				ABCDEF0123456789ABCD0019 /* V0idKit in Frameworks */,
			);
			runOnlyForDeploymentPostprocessing = 0;
		};
/* End PBXFrameworksBuildPhase section */

/* Begin PBXGroup section */
		ABCDEF0123456789ABCD0020 = {
			isa = PBXGroup;
			children = (
				ABCDEF0123456789ABCD0021 /* V0idChainWallet */,
				ABCDEF0123456789ABCD0022 /* Products */,
			);
			sourceTree = "<group>";
		};
		ABCDEF0123456789ABCD0021 /* V0idChainWallet */ = {
			isa = PBXGroup;
			children = (
				ABCDEF0123456789ABCD0001 /* V0idChainWalletApp.swift */,
				ABCDEF0123456789ABCD0003 /* AppModel.swift */,
				ABCDEF0123456789ABCD0005 /* UIHelpers.swift */,
				ABCDEF0123456789ABCD0007 /* RootView.swift */,
				ABCDEF0123456789ABCD0009 /* OnboardingView.swift */,
				ABCDEF0123456789ABCD000B /* WalletView.swift */,
				ABCDEF0123456789ABCD000D /* SendView.swift */,
				ABCDEF0123456789ABCD000F /* MessagesView.swift */,
				ABCDEF0123456789ABCD0011 /* ExploreView.swift */,
				ABCDEF0123456789ABCDA002 /* MarketplaceView.swift */,
				ABCDEF0123456789ABCDA004 /* RedPacketsView.swift */,
				ABCDEF0123456789ABCD0013 /* SettingsView.swift */,
				ABCDEF0123456789ABCD0015 /* Assets.xcassets */,
				ABCDEF0123456789ABCD0017 /* Info.plist */,
			);
			path = V0idChainWallet;
			sourceTree = "<group>";
		};
		ABCDEF0123456789ABCD0022 /* Products */ = {
			isa = PBXGroup;
			children = (
				ABCDEF0123456789ABCD0018 /* V0idChainWallet.app */,
			);
			name = Products;
			sourceTree = "<group>";
		};
/* End PBXGroup section */

/* Begin PBXNativeTarget section */
		ABCDEF0123456789ABCD002C /* V0idChainWallet */ = {
			isa = PBXNativeTarget;
			buildConfigurationList = ABCDEF0123456789ABCD0027 /* Build configuration list for PBXNativeTarget "V0idChainWallet" */;
			buildPhases = (
				ABCDEF0123456789ABCD0023 /* Sources */,
				ABCDEF0123456789ABCD0024 /* Frameworks */,
				ABCDEF0123456789ABCD0025 /* Resources */,
			);
			buildRules = (
			);
			dependencies = (
			);
			name = V0idChainWallet;
			packageProductDependencies = (
				ABCDEF0123456789ABCD002F /* V0idKit */,
			);
			productName = V0idChainWallet;
			productReference = ABCDEF0123456789ABCD0018 /* V0idChainWallet.app */;
			productType = "com.apple.product-type.application";
		};
/* End PBXNativeTarget section */

/* Begin PBXProject section */
		ABCDEF0123456789ABCD002D /* Project object */ = {
			isa = PBXProject;
			attributes = {
				BuildIndependentTargetsInParallel = 1;
				LastSwiftUpdateCheck = 1600;
				LastUpgradeCheck = 1600;
				TargetAttributes = {
					ABCDEF0123456789ABCD002C = {
						CreatedOnToolsVersion = 16.0;
					};
				};
			};
			buildConfigurationList = ABCDEF0123456789ABCD0026 /* Build configuration list for PBXProject "V0idChainWallet" */;
			compatibilityVersion = "Xcode 14.0";
			developmentRegion = en;
			hasScannedForEncodings = 0;
			knownRegions = (
				en,
				Base,
			);
			mainGroup = ABCDEF0123456789ABCD0020;
			packageReferences = (
				ABCDEF0123456789ABCD002E /* XCLocalSwiftPackageReference "../V0idKit" */,
			);
			productRefGroup = ABCDEF0123456789ABCD0022 /* Products */;
			projectDirPath = "";
			projectRoot = "";
			targets = (
				ABCDEF0123456789ABCD002C /* V0idChainWallet */,
			);
		};
/* End PBXProject section */

/* Begin PBXResourcesBuildPhase section */
		ABCDEF0123456789ABCD0025 /* Resources */ = {
			isa = PBXResourcesBuildPhase;
			buildActionMask = 2147483647;
			files = (
				ABCDEF0123456789ABCD0016 /* Assets.xcassets in Resources */,
			);
			runOnlyForDeploymentPostprocessing = 0;
		};
/* End PBXResourcesBuildPhase section */

/* Begin PBXSourcesBuildPhase section */
		ABCDEF0123456789ABCD0023 /* Sources */ = {
			isa = PBXSourcesBuildPhase;
			buildActionMask = 2147483647;
			files = (
				ABCDEF0123456789ABCD0002 /* V0idChainWalletApp.swift in Sources */,
				ABCDEF0123456789ABCD0004 /* AppModel.swift in Sources */,
				ABCDEF0123456789ABCD0006 /* UIHelpers.swift in Sources */,
				ABCDEF0123456789ABCD0008 /* RootView.swift in Sources */,
				ABCDEF0123456789ABCD000A /* OnboardingView.swift in Sources */,
				ABCDEF0123456789ABCD000C /* WalletView.swift in Sources */,
				ABCDEF0123456789ABCD000E /* SendView.swift in Sources */,
				ABCDEF0123456789ABCD0010 /* MessagesView.swift in Sources */,
				ABCDEF0123456789ABCD0012 /* ExploreView.swift in Sources */,
				ABCDEF0123456789ABCDA001 /* MarketplaceView.swift in Sources */,
				ABCDEF0123456789ABCDA003 /* RedPacketsView.swift in Sources */,
				ABCDEF0123456789ABCD0014 /* SettingsView.swift in Sources */,
			);
			runOnlyForDeploymentPostprocessing = 0;
		};
/* End PBXSourcesBuildPhase section */

/* Begin XCBuildConfiguration section */
		ABCDEF0123456789ABCD0028 /* Debug */ = {
			isa = XCBuildConfiguration;
			buildSettings = {
				ALWAYS_SEARCH_USER_PATHS = NO;
				ASSETCATALOG_COMPILER_GENERATE_SWIFT_ASSET_SYMBOL_EXTENSIONS = YES;
				CLANG_ANALYZER_NONNULL = YES;
				CLANG_ANALYZER_NUMBER_OBJECT_CONVERSION = YES_AGGRESSIVE;
				CLANG_CXX_LANGUAGE_STANDARD = "gnu++20";
				CLANG_ENABLE_MODULES = YES;
				CLANG_ENABLE_OBJC_ARC = YES;
				CLANG_ENABLE_OBJC_WEAK = YES;
				CLANG_WARN_BOOL_CONVERSION = YES;
				CLANG_WARN_DOCUMENTATION_COMMENTS = YES;
				CLANG_WARN_EMPTY_BODY = YES;
				CLANG_WARN_OBJC_LITERAL_CONVERSION = YES;
				CLANG_WARN_UNGUARDED_AVAILABILITY = YES_AGGRESSIVE;
				COPY_PHASE_STRIP = NO;
				DEBUG_INFORMATION_FORMAT = dwarf;
				ENABLE_STRICT_OBJC_MSGSEND = YES;
				ENABLE_TESTABILITY = YES;
				ENABLE_USER_SCRIPT_SANDBOXING = YES;
				GCC_C_LANGUAGE_STANDARD = gnu17;
				GCC_DYNAMIC_NO_PIC = NO;
				GCC_NO_COMMON_BLOCKS = YES;
				GCC_OPTIMIZATION_LEVEL = 0;
				GCC_PREPROCESSOR_DEFINITIONS = (
					"DEBUG=1",
					"$(inherited)",
				);
				GCC_WARN_64_TO_32_BIT_CONVERSION = YES;
				GCC_WARN_ABOUT_RETURN_TYPE = YES_ERROR;
				GCC_WARN_UNDECLARED_SELECTOR = YES;
				GCC_WARN_UNINITIALIZED_AUTOS = YES_AGGRESSIVE;
				GCC_WARN_UNUSED_FUNCTION = YES;
				GCC_WARN_UNUSED_VARIABLE = YES;
				IPHONEOS_DEPLOYMENT_TARGET = 17.0;
				MTL_ENABLE_DEBUG_INFO = INCLUDE_SOURCE;
				MTL_FAST_MATH = YES;
				ONLY_ACTIVE_ARCH = YES;
				SDKROOT = iphoneos;
				SWIFT_ACTIVE_COMPILATION_CONDITIONS = "DEBUG $(inherited)";
				SWIFT_OPTIMIZATION_LEVEL = "-Onone";
			};
			name = Debug;
		};
		ABCDEF0123456789ABCD0029 /* Release */ = {
			isa = XCBuildConfiguration;
			buildSettings = {
				ALWAYS_SEARCH_USER_PATHS = NO;
				ASSETCATALOG_COMPILER_GENERATE_SWIFT_ASSET_SYMBOL_EXTENSIONS = YES;
				CLANG_ANALYZER_NONNULL = YES;
				CLANG_ANALYZER_NUMBER_OBJECT_CONVERSION = YES_AGGRESSIVE;
				CLANG_CXX_LANGUAGE_STANDARD = "gnu++20";
				CLANG_ENABLE_MODULES = YES;
				CLANG_ENABLE_OBJC_ARC = YES;
				CLANG_ENABLE_OBJC_WEAK = YES;
				CLANG_WARN_BOOL_CONVERSION = YES;
				CLANG_WARN_DOCUMENTATION_COMMENTS = YES;
				CLANG_WARN_EMPTY_BODY = YES;
				CLANG_WARN_OBJC_LITERAL_CONVERSION = YES;
				CLANG_WARN_UNGUARDED_AVAILABILITY = YES_AGGRESSIVE;
				COPY_PHASE_STRIP = NO;
				DEBUG_INFORMATION_FORMAT = "dwarf-with-dsym";
				ENABLE_NS_ASSERTIONS = NO;
				ENABLE_STRICT_OBJC_MSGSEND = YES;
				ENABLE_USER_SCRIPT_SANDBOXING = YES;
				GCC_C_LANGUAGE_STANDARD = gnu17;
				GCC_NO_COMMON_BLOCKS = YES;
				GCC_WARN_64_TO_32_BIT_CONVERSION = YES;
				GCC_WARN_ABOUT_RETURN_TYPE = YES_ERROR;
				GCC_WARN_UNDECLARED_SELECTOR = YES;
				GCC_WARN_UNINITIALIZED_AUTOS = YES_AGGRESSIVE;
				GCC_WARN_UNUSED_FUNCTION = YES;
				GCC_WARN_UNUSED_VARIABLE = YES;
				IPHONEOS_DEPLOYMENT_TARGET = 17.0;
				MTL_ENABLE_DEBUG_INFO = NO;
				MTL_FAST_MATH = YES;
				SDKROOT = iphoneos;
				SWIFT_COMPILATION_MODE = wholemodule;
				VALIDATE_PRODUCT = YES;
			};
			name = Release;
		};
		ABCDEF0123456789ABCD002A /* Debug */ = {
			isa = XCBuildConfiguration;
			buildSettings = {
				ASSETCATALOG_COMPILER_APPICON_NAME = AppIcon;
				ASSETCATALOG_COMPILER_GLOBAL_ACCENT_COLOR_NAME = AccentColor;
				CODE_SIGN_STYLE = Automatic;
				CURRENT_PROJECT_VERSION = 1;
				DEVELOPMENT_TEAM = C58WLH687Z;
				ENABLE_PREVIEWS = YES;
				GENERATE_INFOPLIST_FILE = NO;
				INFOPLIST_FILE = V0idChainWallet/Info.plist;
				INFOPLIST_KEY_UIApplicationSupportsIndirectInputEvents = YES;
				IPHONEOS_DEPLOYMENT_TARGET = 17.0;
				LD_RUNPATH_SEARCH_PATHS = (
					"$(inherited)",
					"@executable_path/Frameworks",
				);
				MARKETING_VERSION = 1.0;
				PRODUCT_BUNDLE_IDENTIFIER = com.v0idchain.wallet;
				PRODUCT_NAME = "$(TARGET_NAME)";
				SWIFT_EMIT_LOC_STRINGS = YES;
				SWIFT_VERSION = 5.0;
				TARGETED_DEVICE_FAMILY = "1,2";
			};
			name = Debug;
		};
		ABCDEF0123456789ABCD002B /* Release */ = {
			isa = XCBuildConfiguration;
			buildSettings = {
				ASSETCATALOG_COMPILER_APPICON_NAME = AppIcon;
				ASSETCATALOG_COMPILER_GLOBAL_ACCENT_COLOR_NAME = AccentColor;
				CODE_SIGN_STYLE = Automatic;
				CURRENT_PROJECT_VERSION = 1;
				DEVELOPMENT_TEAM = C58WLH687Z;
				ENABLE_PREVIEWS = YES;
				GENERATE_INFOPLIST_FILE = NO;
				INFOPLIST_FILE = V0idChainWallet/Info.plist;
				INFOPLIST_KEY_UIApplicationSupportsIndirectInputEvents = YES;
				IPHONEOS_DEPLOYMENT_TARGET = 17.0;
				LD_RUNPATH_SEARCH_PATHS = (
					"$(inherited)",
					"@executable_path/Frameworks",
				);
				MARKETING_VERSION = 1.0;
				PRODUCT_BUNDLE_IDENTIFIER = com.v0idchain.wallet;
				PRODUCT_NAME = "$(TARGET_NAME)";
				SWIFT_EMIT_LOC_STRINGS = YES;
				SWIFT_VERSION = 5.0;
				TARGETED_DEVICE_FAMILY = "1,2";
			};
			name = Release;
		};
/* End XCBuildConfiguration section */

/* Begin XCConfigurationList section */
		ABCDEF0123456789ABCD0026 /* Build configuration list for PBXProject "V0idChainWallet" */ = {
			isa = XCConfigurationList;
			buildConfigurations = (
				ABCDEF0123456789ABCD0028 /* Debug */,
				ABCDEF0123456789ABCD0029 /* Release */,
			);
			defaultConfigurationIsVisible = 0;
			defaultConfigurationName = Release;
		};
		ABCDEF0123456789ABCD0027 /* Build configuration list for PBXNativeTarget "V0idChainWallet" */ = {
			isa = XCConfigurationList;
			buildConfigurations = (
				ABCDEF0123456789ABCD002A /* Debug */,
				ABCDEF0123456789ABCD002B /* Release */,
			);
			defaultConfigurationIsVisible = 0;
			defaultConfigurationName = Release;
		};
/* End XCConfigurationList section */

/* Begin XCLocalSwiftPackageReference section */
		ABCDEF0123456789ABCD002E /* XCLocalSwiftPackageReference "../V0idKit" */ = {
			isa = XCLocalSwiftPackageReference;
			relativePath = ../V0idKit;
		};
/* End XCLocalSwiftPackageReference section */

/* Begin XCSwiftPackageProductDependency section */
		ABCDEF0123456789ABCD002F /* V0idKit */ = {
			isa = XCSwiftPackageProductDependency;
			productName = V0idKit;
		};
/* End XCSwiftPackageProductDependency section */
	};
	rootObject = ABCDEF0123456789ABCD002D /* Project object */;
}
